
Microsoft Visual Studio Solution File, Format Version 12.00
# Visual Studio Version 16
VisualStudioVersion = 16.0.29806.167
MinimumVisualStudioVersion = 10.0.40219.1
Project("{FAE04EC0-301F-11D3-BF4B-00C04F79EFBC}") = "MVVMSample.UWP", "MVVMSample\MVVMSample.UWP\MVVMSample.UWP.csproj", "{3F089076-0333-4055-8B64-F8C9EF280C9E}"
EndProject
Project("{FAE04EC0-301F-11D3-BF4B-00C04F79EFBC}") = "MVVMSample.Android", "MVVMSample\MVVMSample.Android\MVVMSample.Android.csproj", "{BA663710-785B-4E3C-83F3-10CCB800F13A}"
EndProject
Project("{FAE04EC0-301F-11D3-BF4B-00C04F79EFBC}") = "MVVMSample.iOS", "MVVMSample\MVVMSample.iOS\MVVMSample.iOS.csproj", "{9C04B3EC-42B4-4731-BB61-9540A747BF68}"
EndProject
Project("{FAE04EC0-301F-11D3-BF4B-00C04F79EFBC}") = "MVVMSample", "MVVMSample\MVVMSample\MVVMSample.csproj", "{4BEEBCC7-1C20-4E47-9485-D6CA6BC50922}"
EndProject
Global
	GlobalSection(SolutionConfigurationPlatforms) = preSolution
		Debug|Any CPU = Debug|Any CPU
		Debug|ARM = Debug|ARM
		Debug|iPhone = Debug|iPhone
		Debug|iPhoneSimulator = Debug|iPhoneSimulator
		Debug|x64 = Debug|x64
		Debug|x86 = Debug|x86
		Release|Any CPU = Release|Any CPU
		Release|ARM = Release|ARM
		Release|iPhone = Release|iPhone
		Release|iPhoneSimulator = Release|iPhoneSimulator
		Release|x64 = Release|x64
		Release|x86 = Release|x86
	EndGlobalSection
	GlobalSection(ProjectConfigurationPlatforms) = postSolution
		{3F089076-0333-4055-8B64-F8C9EF280C9E}.Debug|Any CPU.ActiveCfg = Debug|x86
		{3F089076-0333-4055-8B64-F8C9EF280C9E}.Debug|Any CPU.Build.0 = Debug|x86
		{3F089076-0333-4055-8B64-F8C9EF280C9E}.Debug|Any CPU.Deploy.0 = Debug|x86
		{3F089076-0333-4055-8B64-F8C9EF280C9E}.Debug|ARM.ActiveCfg = Debug|ARM
		{3F089076-0333-4055-8B64-F8C9EF280C9E}.Debug|ARM.Build.0 = Debug|ARM
		{3F089076-0333-4055-8B64-F8C9EF280C9E}.Debug|ARM.Deploy.0 = Debug|ARM
		{3F089076-0333-4055-8B64-F8C9EF280C9E}.Debug|iPhone.ActiveCfg = Debug|x86
		{3F089076-0333-4055-8B64-F8C9EF280C9E}.Debug|iPhone.Build.0 = Debug|x86
		{3F089076-0333-4055-8B64-F8C9EF280C9E}.Debug|iPhone.Deploy.0 = Debug|x86
		{3F089076-0333-4055-8B64-F8C9EF280C9E}.Debug|iPhoneSimulator.ActiveCfg = Debug|x86
		{3F089076-0333-4055-8B64-F8C9EF280C9E}.Debug|iPhoneSimulator.Build.0 = Debug|x86
		{3F089076-0333-4055-8B64-F8C9EF280C9E}.Debug|iPhoneSimulator.Deploy.0 = Debug|x86
		{3F089076-0333-4055-8B64-F8C9EF280C9E}.Debug|x64.ActiveCfg = Debug|x64
		{3F089076-0333-4055-8B64-F8C9EF280C9E}.Debug|x64.Build.0 = Debug|x64
		{3F089076-0333-4055-8B64-F8C9EF280C9E}.Debug|x64.Deploy.0 = Debug|x64
		{3F089076-0333-4055-8B64-F8C9EF280C9E}.Debug|x86.ActiveCfg = Debug|x86
		{3F089076-0333-4055-8B64-F8C9EF280C9E}.Debug|x86.Build.0 = Debug|x86
		{3F089076-0333-4055-8B64-F8C9EF280C9E}.Debug|x86.Deploy.0 = Debug|x86
		{3F089076-0333-4055-8B64-F8C9EF280C9E}.Release|Any CPU.ActiveCfg = Release|x86
		{3F089076-0333-4055-8B64-F8C9EF280C9E}.Release|Any CPU.Build.0 = Release|x86
		{3F089076-0333-4055-8B64-F8C9EF280C9E}.Release|Any CPU.Deploy.0 = Release|x86
		{3F089076-0333-4055-8B64-F8C9EF280C9E}.Release|ARM.ActiveCfg = Release|ARM
		{3F089076-0333-4055-8B64-F8C9EF280C9E}.Release|ARM.Build.0 = Release|ARM
		{3F089076-0333-4055-8B64-F8C9EF280C9E}.Release|ARM.Deploy.0 = Release|ARM
		{3F089076-0333-4055-8B64-F8C9EF280C9E}.Release|iPhone.ActiveCfg = Release|x86
		{3F089076-0333-4055-8B64-F8C9EF280C9E}.Release|iPhone.Build.0 = Release|x86
		{3F089076-0333-4055-8B64-F8C9EF280C9E}.Release|iPhone.Deploy.0 = Release|x86
		{3F089076-0333-4055-8B64-F8C9EF280C9E}.Release|iPhoneSimulator.ActiveCfg = Release|x86
		{3F089076-0333-4055-8B64-F8C9EF280C9E}.Release|iPhoneSimulator.Build.0 = Release|x86
		{3F089076-0333-4055-8B64-F8C9EF280C9E}.Release|iPhoneSimulator.Deploy.0 = Release|x86
		{3F089076-0333-4055-8B64-F8C9EF280C9E}.Release|x64.ActiveCfg = Release|x64
		{3F089076-0333-4055-8B64-F8C9EF280C9E}.Release|x64.Build.0 = Release|x64
		{3F089076-0333-4055-8B64-F8C9EF280C9E}.Release|x64.Deploy.0 = Release|x64
		{3F089076-0333-4055-8B64-F8C9EF280C9E}.Release|x86.ActiveCfg = Release|x86
		{3F089076-0333-4055-8B64-F8C9EF280C9E}.Release|x86.Build.0 = Release|x86
		{3F089076-0333-4055-8B64-F8C9EF280C9E}.Release|x86.Deploy.0 = Release|x86
		{BA663710-785B-4E3C-83F3-10CCB800F13A}.Debug|Any CPU.ActiveCfg = Debug|Any CPU
		{BA663710-785B-4E3C-83F3-10CCB800F13A}.Debug|Any CPU.Build.0 = Debug|Any CPU
		{BA663710-785B-4E3C-83F3-10CCB800F13A}.Debug|Any CPU.Deploy.0 = Debug|Any CPU
		{BA663710-785B-4E3C-83F3-10CCB800F13A}.Debug|ARM.ActiveCfg = Debug|Any CPU
		{BA663710-785B-4E3C-83F3-10CCB800F13A}.Debug|ARM.Build.0 = Debug|Any CPU
		{BA663710-785B-4E3C-83F3-10CCB800F13A}.Debug|ARM.Deploy.0 = Debug|Any CPU
		{BA663710-785B-4E3C-83F3-10CCB800F13A}.Debug|iPhone.ActiveCfg = Debug|Any CPU
		{BA663710-785B-4E3C-83F3-10CCB800F13A}.Debug|iPhone.Build.0 = Debug|Any CPU
		{BA663710-785B-4E3C-83F3-10CCB800F13A}.Debug|iPhone.Deploy.0 = Debug|Any CPU
		{BA663710-785B-4E3C-83F3-10CCB800F13A}.Debug|iPhoneSimulator.ActiveCfg = Debug|Any CPU
		{BA663710-785B-4E3C-83F3-10CCB800F13A}.Debug|iPhoneSimulator.Build.0 = Debug|Any CPU
		{BA663710-785B-4E3C-83F3-10CCB800F13A}.Debug|iPhoneSimulator.Deploy.0 = Debug|Any CPU
		{BA663710-785B-4E3C-83F3-10CCB800F13A}.Debug|x64.ActiveCfg = Debug|Any CPU
		{BA663710-785B-4E3C-83F3-10CCB800F13A}.Debug|x64.Build.0 = Debug|Any CPU
		{BA663710-785B-4E3C-83F3-10CCB800F13A}.Debug|x64.Deploy.0 = Debug|Any CPU
		{BA663710-785B-4E3C-83F3-10CCB800F13A}.Debug|x86.ActiveCfg = Debug|Any CPU
		{BA663710-785B-4E3C-83F3-10CCB800F13A}.Debug|x86.Build.0 = Debug|Any CPU
		{BA663710-785B-4E3C-83F3-10CCB800F13A}.Debug|x86.Deploy.0 = Debug|Any CPU
		{BA663710-785B-4E3C-83F3-10CCB800F13A}.Release|Any CPU.ActiveCfg = Release|Any CPU
		{BA663710-785B-4E3C-83F3-10CCB800F13A}.Release|Any CPU.Build.0 = Release|Any CPU
		{BA663710-785B-4E3C-83F3-10CCB800F13A}.Release|Any CPU.Deploy.0 = Release|Any CPU
		{BA663710-785B-4E3C-83F3-10CCB800F13A}.Release|ARM.ActiveCfg = Release|Any CPU
		{BA663710-785B-4E3C-83F3-10CCB800F13A}.Release|ARM.Build.0 = Release|Any CPU
		{BA663710-785B-4E3C-83F3-10CCB800F13A}.Release|ARM.Deploy.0 = Release|Any CPU
		{BA663710-785B-4E3C-83F3-10CCB800F13A}.Release|iPhone.ActiveCfg = Release|Any CPU
		{BA663710-785B-4E3C-83F3-10CCB800F13A}.Release|iPhone.Build.0 = Release|Any CPU
		{BA663710-785B-4E3C-83F3-10CCB800F13A}.Release|iPhone.Deploy.0 = Release|Any CPU
		{BA663710-785B-4E3C-83F3-10CCB800F13A}.Release|iPhoneSimulator.ActiveCfg = Release|Any CPU
		{BA663710-785B-4E3C-83F3-10CCB800F13A}.Release|iPhoneSimulator.Build.0 = Release|Any CPU
		{BA663710-785B-4E3C-83F3-10CCB800F13A}.Release|iPhoneSimulator.Deploy.0 = Release|Any CPU
		{BA663710-785B-4E3C-83F3-10CCB800F13A}.Release|x64.ActiveCfg = Release|Any CPU
		{BA663710-785B-4E3C-83F3-10CCB800F13A}.Release|x64.Build.0 = Release|Any CPU
		{BA663710-785B-4E3C-83F3-10CCB800F13A}.Release|x64.Deploy.0 = Release|Any CPU
		{BA663710-785B-4E3C-83F3-10CCB800F13A}.Release|x86.ActiveCfg = Release|Any CPU
		{BA663710-785B-4E3C-83F3-10CCB800F13A}.Release|x86.Build.0 = Release|Any CPU
		{BA663710-785B-4E3C-83F3-10CCB800F13A}.Release|x86.Deploy.0 = Release|Any CPU
		{9C04B3EC-42B4-4731-BB61-9540A747BF68}.Debug|Any CPU.ActiveCfg = Debug|iPhone
		{9C04B3EC-42B4-4731-BB61-9540A747BF68}.Debug|Any CPU.Build.0 = Debug|iPhone
		{9C04B3EC-42B4-4731-BB61-9540A747BF68}.Debug|Any CPU.Deploy.0 = Debug|iPhone
		{9C04B3EC-42B4-4731-BB61-9540A747BF68}.Debug|ARM.ActiveCfg = Debug|iPhoneSimulator
		{9C04B3EC-42B4-4731-BB61-9540A747BF68}.Debug|ARM.Build.0 = Debug|iPhoneSimulator
		{9C04B3EC-42B4-4731-BB61-9540A747BF68}.Debug|ARM.Deploy.0 = Debug|iPhoneSimulator
		{9C04B3EC-42B4-4731-BB61-9540A747BF68}.Debug|iPhone.ActiveCfg = Debug|iPhone
		{9C04B3EC-42B4-4731-BB61-9540A747BF68}.Debug|iPhone.Build.0 = Debug|iPhone
		{9C04B3EC-42B4-4731-BB61-9540A747BF68}.Debug|iPhone.Deploy.0 = Debug|iPhone
		{9C04B3EC-42B4-4731-BB61-9540A747BF68}.Debug|iPhoneSimulator.ActiveCfg = Debug|iPhoneSimulator
		{9C04B3EC-42B4-4731-BB61-9540A747BF68}.Debug|iPhoneSimulator.Build.0 = Debug|iPhoneSimulator
		{9C04B3EC-42B4-4731-BB61-9540A747BF68}.Debug|iPhoneSimulator.Deploy.0 = Debug|iPhoneSimulator
		{9C04B3EC-42B4-4731-BB61-9540A747BF68}.Debug|x64.ActiveCfg = Debug|iPhone
		{9C04B3EC-42B4-4731-BB61-9540A747BF68}.Debug|x64.Build.0 = Debug|iPhone
		{9C04B3EC-42B4-4731-BB61-9540A747BF68}.Debug|x64.Deploy.0 = Debug|iPhone
		{9C04B3EC-42B4-4731-BB61-9540A747BF68}.Debug|x86.ActiveCfg = Debug|iPhone
		{9C04B3EC-42B4-4731-BB61-9540A747BF68}.Debug|x86.Build.0 = Debug|iPhone
		{9C04B3EC-42B4-4731-BB61-9540A747BF68}.Debug|x86.Deploy.0 = Debug|iPhone
		{9C04B3EC-42B4-4731-BB61-9540A747BF68}.Release|Any CPU.ActiveCfg = Release|iPhone
		{9C04B3EC-42B4-4731-BB61-9540A747BF68}.Release|Any CPU.Build.0 = Release|iPhone
		{9C04B3EC-42B4-4731-BB61-9540A747BF68}.Release|Any CPU.Deploy.0 = Release|iPhone
		{9C04B3EC-42B4-4731-BB61-9540A747BF68}.Release|ARM.ActiveCfg = Release|iPhone
		{9C04B3EC-42B4-4731-BB61-9540A747BF68}.Release|ARM.Build.0 = Release|iPhone
		{9C04B3EC-42B4-4731-BB61-9540A747BF68}.Release|ARM.Deploy.0 = Release|iPhone
		{9C04B3EC-42B4-4731-BB61-9540A747BF68}.Release|iPhone.ActiveCfg = Release|iPhone
		{9C04B3EC-42B4-4731-BB61-9540A747BF68}.Release|iPhone.Build.0 = Release|iPhone
		{9C04B3EC-42B4-4731-BB61-9540A747BF68}.Release|iPhone.Deploy.0 = Release|iPhone
		{9C04B3EC-42B4-4731-BB61-9540A747BF68}.Release|iPhoneSimulator.ActiveCfg = Release|iPhoneSimulator
		{9C04B3EC-42B4-4731-BB61-9540A747BF68}.Release|iPhoneSimulator.Build.0 = Release|iPhoneSimulator
		{9C04B3EC-42B4-4731-BB61-9540A747BF68}.Release|iPhoneSimulator.Deploy.0 = Release|iPhoneSimulator
		{9C04B3EC-42B4-4731-BB61-9540A747BF68}.Release|x64.ActiveCfg = Release|iPhone
		{9C04B3EC-42B4-4731-BB61-9540A747BF68}.Release|x64.Build.0 = Release|iPhone
		{9C04B3EC-42B4-4731-BB61-9540A747BF68}.Release|x64.Deploy.0 = Release|iPhone
		{9C04B3EC-42B4-4731-BB61-9540A747BF68}.Release|x86.ActiveCfg = Release|iPhone
		{9C04B3EC-42B4-4731-BB61-9540A747BF68}.Release|x86.Build.0 = Release|iPhone
		{9C04B3EC-42B4-4731-BB61-9540A747BF68}.Release|x86.Deploy.0 = Release|iPhone
		{4BEEBCC7-1C20-4E47-9485-D6CA6BC50922}.Debug|Any CPU.ActiveCfg = Debug|Any CPU
		{4BEEBCC7-1C20-4E47-9485-D6CA6BC50922}.Debug|Any CPU.Build.0 = Debug|Any CPU
		{4BEEBCC7-1C20-4E47-9485-D6CA6BC50922}.Debug|Any CPU.Deploy.0 = Debug|Any CPU
		{4BEEBCC7-1C20-4E47-9485-D6CA6BC50922}.Debug|ARM.ActiveCfg = Debug|Any CPU
		{4BEEBCC7-1C20-4E47-9485-D6CA6BC50922}.Debug|ARM.Build.0 = Debug|Any CPU
		{4BEEBCC7-1C20-4E47-9485-D6CA6BC50922}.Debug|ARM.Deploy.0 = Debug|Any CPU
		{4BEEBCC7-1C20-4E47-9485-D6CA6BC50922}.Debug|iPhone.ActiveCfg = Debug|Any CPU
		{4BEEBCC7-1C20-4E47-9485-D6CA6BC50922}.Debug|iPhone.Build.0 = Debug|Any CPU
		{4BEEBCC7-1C20-4E47-9485-D6CA6BC50922}.Debug|iPhone.Deploy.0 = Debug|Any CPU
		{4BEEBCC7-1C20-4E47-9485-D6CA6BC50922}.Debug|iPhoneSimulator.ActiveCfg = Debug|Any CPU
		{4BEEBCC7-1C20-4E47-9485-D6CA6BC50922}.Debug|iPhoneSimulator.Build.0 = Debug|Any CPU
		{4BEEBCC7-1C20-4E47-9485-D6CA6BC50922}.Debug|iPhoneSimulator.Deploy.0 = Debug|Any CPU
		{4BEEBCC7-1C20-4E47-9485-D6CA6BC50922}.Debug|x64.ActiveCfg = Debug|Any CPU
		{4BEEBCC7-1C20-4E47-9485-D6CA6BC50922}.Debug|x64.Build.0 = Debug|Any CPU
		{4BEEBCC7-1C20-4E47-9485-D6CA6BC50922}.Debug|x64.Deploy.0 = Debug|Any CPU
		{4BEEBCC7-1C20-4E47-9485-D6CA6BC50922}.Debug|x86.ActiveCfg = Debug|Any CPU
		{4BEEBCC7-1C20-4E47-9485-D6CA6BC50922}.Debug|x86.Build.0 = Debug|Any CPU
		{4BEEBCC7-1C20-4E47-9485-D6CA6BC50922}.Debug|x86.Deploy.0 = Debug|Any CPU
		{4BEEBCC7-1C20-4E47-9485-D6CA6BC50922}.Release|Any CPU.ActiveCfg = Release|Any CPU
		{4BEEBCC7-1C20-4E47-9485-D6CA6BC50922}.Release|Any CPU.Build.0 = Release|Any CPU
		{4BEEBCC7-1C20-4E47-9485-D6CA6BC50922}.Release|Any CPU.Deploy.0 = Release|Any CPU
		{4BEEBCC7-1C20-4E47-9485-D6CA6BC50922}.Release|ARM.ActiveCfg = Release|Any CPU
		{4BEEBCC7-1C20-4E47-9485-D6CA6BC50922}.Release|ARM.Build.0 = Release|Any CPU
		{4BEEBCC7-1C20-4E47-9485-D6CA6BC50922}.Release|ARM.Deploy.0 = Release|Any CPU
		{4BEEBCC7-1C20-4E47-9485-D6CA6BC50922}.Release|iPhone.ActiveCfg = Release|Any CPU
		{4BEEBCC7-1C20-4E47-9485-D6CA6BC50922}.Release|iPhone.Build.0 = Release|Any CPU
		{4BEEBCC7-1C20-4E47-9485-D6CA6BC50922}.Release|iPhone.Deploy.0 = Release|Any CPU
		{4BEEBCC7-1C20-4E47-9485-D6CA6BC50922}.Release|iPhoneSimulator.ActiveCfg = Release|Any CPU
		{4BEEBCC7-1C20-4E47-9485-D6CA6BC50922}.Release|iPhoneSimulator.Build.0 = Release|Any CPU
		{4BEEBCC7-1C20-4E47-9485-D6CA6BC50922}.Release|iPhoneSimulator.Deploy.0 = Release|Any CPU
		{4BEEBCC7-1C20-4E47-9485-D6CA6BC50922}.Release|x64.ActiveCfg = Release|Any CPU
		{4BEEBCC7-1C20-4E47-9485-D6CA6BC50922}.Release|x64.Build.0 = Release|Any CPU
		{4BEEBCC7-1C20-4E47-9485-D6CA6BC50922}.Release|x64.Deploy.0 = Release|Any CPU
		{4BEEBCC7-1C20-4E47-9485-D6CA6BC50922}.Release|x86.ActiveCfg = Release|Any CPU
		{4BEEBCC7-1C20-4E47-9485-D6CA6BC50922}.Release|x86.Build.0 = Release|Any CPU
		{4BEEBCC7-1C20-4E47-9485-D6CA6BC50922}.Release|x86.Deploy.0 = Release|Any CPU
	EndGlobalSection
	GlobalSection(SolutionProperties) = preSolution
		HideSolutionNode = FALSE
	EndGlobalSection
	GlobalSection(ExtensibilityGlobals) = postSolution
		SolutionGuid = {FE79A99E-EB23-4131-B468-F79B18811F1F}
	EndGlobalSection
EndGlobal
